
Microsoft Visual Studio Solution File, Format Version 12.00
# Visual Studio Version 17
VisualStudioVersion = 17.1.32319.34
MinimumVisualStudioVersion = 10.0.40219.1
Project("{FAE04EC0-301F-11D3-BF4B-00C04F79EFBC}") = "GesturesDemo.Android", "GesturesDemo\GesturesDemo.Android\GesturesDemo.Android.csproj", "{7E3B04C3-E2DD-481E-AEDF-86312C98A0B6}"
EndProject
Project("{FAE04EC0-301F-11D3-BF4B-00C04F79EFBC}") = "GesturesDemo", "GesturesDemo\GesturesDemo\GesturesDemo.csproj", "{595FE253-A032-464C-B737-D388546857BB}"
EndProject
Global
	GlobalSection(SolutionConfigurationPlatforms) = preSolution
		Debug|Any CPU = Debug|Any CPU
		Release|Any CPU = Release|Any CPU
	EndGlobalSection
	GlobalSection(ProjectConfigurationPlatforms) = postSolution
		{7E3B04C3-E2DD-481E-AEDF-86312C98A0B6}.Debug|Any CPU.ActiveCfg = Debug|Any CPU
		{7E3B04C3-E2DD-481E-AEDF-86312C98A0B6}.Debug|Any CPU.Build.0 = Debug|Any CPU
		{7E3B04C3-E2DD-481E-AEDF-86312C98A0B6}.Debug|Any CPU.Deploy.0 = Debug|Any CPU
		{7E3B04C3-E2DD-481E-AEDF-86312C98A0B6}.Release|Any CPU.ActiveCfg = Release|Any CPU
		{7E3B04C3-E2DD-481E-AEDF-86312C98A0B6}.Release|Any CPU.Build.0 = Release|Any CPU
		{7E3B04C3-E2DD-481E-AEDF-86312C98A0B6}.Release|Any CPU.Deploy.0 = Release|Any CPU
		{595FE253-A032-464C-B737-D388546857BB}.Debug|Any CPU.ActiveCfg = Debug|Any CPU
		{595FE253-A032-464C-B737-D388546857BB}.Debug|Any CPU.Build.0 = Debug|Any CPU
		{595FE253-A032-464C-B737-D388546857BB}.Debug|Any CPU.Deploy.0 = Debug|Any CPU
		{595FE253-A032-464C-B737-D388546857BB}.Release|Any CPU.ActiveCfg = Release|Any CPU
		{595FE253-A032-464C-B737-D388546857BB}.Release|Any CPU.Build.0 = Release|Any CPU
		{595FE253-A032-464C-B737-D388546857BB}.Release|Any CPU.Deploy.0 = Release|Any CPU
	EndGlobalSection
	GlobalSection(SolutionProperties) = preSolution
		HideSolutionNode = FALSE
	EndGlobalSection
	GlobalSection(ExtensibilityGlobals) = postSolution
		SolutionGuid = {D67323AB-169A-44C5-9D66-038131F8899D}
	EndGlobalSection
EndGlobal
